// !$*UTF8*$!
{
	archiveVersion = 1;
	classes = {
	};
	objectVersion = 46;
	objects = {

/* Begin PBXAggregateTarget section */
		0994B1D9C796CF496881D11E /* ALL_BUILD */ = {
			isa = PBXAggregateTarget;
			buildConfigurationList = AC98EF5309654BDF91681946 /* Build configuration list for PBXAggregateTarget "ALL_BUILD" */;
			buildPhases = (
				E6A2B9B886FB4B7715D25BA4 /* Generate CMakeFiles/ALL_BUILD */,
			);
			dependencies = (
				410C1105C12B4592ACBE275C /* PBXTargetDependency */,
				C9A32C7D09C6479CA0879128 /* PBXTargetDependency */,
			);
			name = ALL_BUILD;
			productName = ALL_BUILD;
		};
		407C6B283F2FF45ED15AA2B3 /* install */ = {
			isa = PBXAggregateTarget;
			buildConfigurationList = 4D883B7B31634D07A22865A7 /* Build configuration list for PBXAggregateTarget "install" */;
			buildPhases = (
				93426DA6A4AC2C2AC9CE883C /* CMake PostBuild Rules */,
			);
			dependencies = (
				C18F6B2B530A4B888AD954AC /* PBXTargetDependency */,
			);
			name = install;
			productName = install;
		};
		A566E1F39D4CB82164906065 /* ZERO_CHECK */ = {
			isa = PBXAggregateTarget;
			buildConfigurationList = E480921047D240F1ABF201D1 /* Build configuration list for PBXAggregateTarget "ZERO_CHECK" */;
			buildPhases = (
				EC5A4C94B999C4590145E763 /* Generate CMakeFiles/ZERO_CHECK */,
			);
			dependencies = (
			);
			name = ZERO_CHECK;
			productName = ZERO_CHECK;
		};
/* End PBXAggregateTarget section */

/* Begin PBXBuildFile section */
		03F68DBA05EF405E804935BF /* /Users/arminjay/Desktop/me/JUCE/Earx/Earx/Source/PlaybackEngine.cpp */ = {isa = PBXBuildFile; fileRef = D1FC02B0E9644529A646169A /* /Users/arminjay/Desktop/me/JUCE/Earx/Earx/Source/PlaybackEngine.cpp */; };
		05847DE00709465EBEB26C90 /* /Users/arminjay/Desktop/me/JUCE/Earx/Earx/External/JUCE/modules/juce_audio_processors/juce_audio_processors_ara.cpp */ = {isa = PBXBuildFile; fileRef = 28335463E80848CD9ED44EB7 /* /Users/arminjay/Desktop/me/JUCE/Earx/Earx/External/JUCE/modules/juce_audio_processors/juce_audio_processors_ara.cpp */; };
		0D9708024EBC465A9316458A /* /Users/arminjay/Desktop/me/JUCE/Earx/Earx/Source/PianoSound.h */ = {isa = PBXBuildFile; fileRef = 0D4F2D0A888449CAA50CB6D3 /* /Users/arminjay/Desktop/me/JUCE/Earx/Earx/Source/PianoSound.h */; };
		0F356FE58B6044789487B2DB /* /Users/arminjay/Desktop/me/JUCE/Earx/Earx/External/JUCE/modules/juce_events/juce_events.mm */ = {isa = PBXBuildFile; fileRef = 12660764C9184C9BA758CD0D /* /Users/arminjay/Desktop/me/JUCE/Earx/Earx/External/JUCE/modules/juce_events/juce_events.mm */; };
		147D28745B444EEEAFD09149 /* /Users/arminjay/Desktop/me/JUCE/Earx/Earx/External/JUCE/modules/juce_audio_utils/juce_audio_utils.mm */ = {isa = PBXBuildFile; fileRef = 12223CF15CE34340B82710BB /* /Users/arminjay/Desktop/me/JUCE/Earx/Earx/External/JUCE/modules/juce_audio_utils/juce_audio_utils.mm */; };
		1798A3A6BF3A425FBF46F5B4 /* /Users/arminjay/Desktop/me/JUCE/Earx/Earx/Source/InteractionController.cpp */ = {isa = PBXBuildFile; fileRef = 4DCE369776844E70A976336A /* /Users/arminjay/Desktop/me/JUCE/Earx/Earx/Source/InteractionController.cpp */; };
		1FEA800C01F74F0487929C5F /* /Users/arminjay/Desktop/me/JUCE/Earx/Earx/External/JUCE/modules/juce_gui_extra/juce_gui_extra.mm */ = {isa = PBXBuildFile; fileRef = 4447AB3B1F0F4A87AB7B6198 /* /Users/arminjay/Desktop/me/JUCE/Earx/Earx/External/JUCE/modules/juce_gui_extra/juce_gui_extra.mm */; };
		20B7070DB22F46F19087E1BC /* /Users/arminjay/Desktop/me/JUCE/Earx/Earx/External/JUCE/modules/juce_graphics/juce_graphics.mm */ = {isa = PBXBuildFile; fileRef = B4ACF5F9933546AD86BDB6B5 /* /Users/arminjay/Desktop/me/JUCE/Earx/Earx/External/JUCE/modules/juce_graphics/juce_graphics.mm */; };
		3305CA5BEF324747B3FC135A /* /Users/arminjay/Desktop/me/JUCE/Earx/Earx/Source/PlaybackEngine.h */ = {isa = PBXBuildFile; fileRef = C362715235FD42469FBCCC14 /* /Users/arminjay/Desktop/me/JUCE/Earx/Earx/Source/PlaybackEngine.h */; };
		359FF9D36E0C469EA5603E56 /* /Users/arminjay/Desktop/me/JUCE/Earx/Earx/Source/DummySound.h */ = {isa = PBXBuildFile; fileRef = 325FBD1049A5400AB4CBCB37 /* /Users/arminjay/Desktop/me/JUCE/Earx/Earx/Source/DummySound.h */; };
		35A605514CD94478BB93F08F /* /Users/arminjay/Desktop/me/JUCE/Earx/Earx/External/JUCE/modules/juce_core/juce_core_CompilationTime.cpp */ = {isa = PBXBuildFile; fileRef = 14EB225C905E4CD3B00A3AD6 /* /Users/arminjay/Desktop/me/JUCE/Earx/Earx/External/JUCE/modules/juce_core/juce_core_CompilationTime.cpp */; };
		3D9EC2D568B346E08E3ECFA0 /* /Users/arminjay/Desktop/me/JUCE/Earx/Earx/Source/AppState.h */ = {isa = PBXBuildFile; fileRef = BDC687A4EA014008B5D2017A /* /Users/arminjay/Desktop/me/JUCE/Earx/Earx/Source/AppState.h */; };
		423D6180F5874AB0BFA9DB3A /* /Users/arminjay/Desktop/me/JUCE/Earx/Earx/External/JUCE/modules/juce_audio_devices/juce_audio_devices.mm */ = {isa = PBXBuildFile; fileRef = 1A13582B94B54777B4AD88F1 /* /Users/arminjay/Desktop/me/JUCE/Earx/Earx/External/JUCE/modules/juce_audio_devices/juce_audio_devices.mm */; };
		476710E8C7394F558A6AE7D0 /* /Users/arminjay/Desktop/me/JUCE/Earx/Earx/External/JUCE/modules/juce_audio_basics/juce_audio_basics.mm */ = {isa = PBXBuildFile; fileRef = B5D4F254B0254A4E953120EF /* /Users/arminjay/Desktop/me/JUCE/Earx/Earx/External/JUCE/modules/juce_audio_basics/juce_audio_basics.mm */; };
		47F698F8572B4BB3974B3A26 /* /Users/arminjay/Desktop/me/JUCE/Earx/Earx/Source/PianoVoice.cpp */ = {isa = PBXBuildFile; fileRef = 9AFACE80EDC54C3CAF45E7AC /* /Users/arminjay/Desktop/me/JUCE/Earx/Earx/Source/PianoVoice.cpp */; };
		544345179FD54571864A5C7F /* /Users/arminjay/Desktop/me/JUCE/Earx/Earx/External/JUCE/modules/juce_graphics/juce_graphics_Harfbuzz.cpp */ = {isa = PBXBuildFile; fileRef = 00E191AE37EA4B7798069E20 /* /Users/arminjay/Desktop/me/JUCE/Earx/Earx/External/JUCE/modules/juce_graphics/juce_graphics_Harfbuzz.cpp */; };
		57A85753AF0D481097816F72 /* /Users/arminjay/Desktop/me/JUCE/Earx/Earx/Source/DummySound.cpp */ = {isa = PBXBuildFile; fileRef = 7600685357AD44F9B09AAF53 /* /Users/arminjay/Desktop/me/JUCE/Earx/Earx/Source/DummySound.cpp */; };
		5A4C7E7C73194E6DB3334518 /* /Users/arminjay/Desktop/me/JUCE/Earx/Earx/External/JUCE/modules/juce_dsp/juce_dsp.mm */ = {isa = PBXBuildFile; fileRef = 28C746BFBB6E4638945BE7A0 /* /Users/arminjay/Desktop/me/JUCE/Earx/Earx/External/JUCE/modules/juce_dsp/juce_dsp.mm */; };
		5F98AFAF21FD4C0EB0F5FC0D /* /Users/arminjay/Desktop/me/JUCE/Earx/Earx/Source/InteractionController.h */ = {isa = PBXBuildFile; fileRef = D2D0E9CBFE234718B7B6639F /* /Users/arminjay/Desktop/me/JUCE/Earx/Earx/Source/InteractionController.h */; };
		619B29A1DE8B4395AA80FE01 /* /Users/arminjay/Desktop/me/JUCE/Earx/Earx/Source/AudioController.cpp */ = {isa = PBXBuildFile; fileRef = CD69D5D3A3F0496BB599E946 /* /Users/arminjay/Desktop/me/JUCE/Earx/Earx/Source/AudioController.cpp */; };
		6513C9CB834E480A8529B746 /* /Users/arminjay/Desktop/me/JUCE/Earx/Earx/Source/SineVoice.cpp */ = {isa = PBXBuildFile; fileRef = 34FA2EAF9C9740AE9D35375D /* /Users/arminjay/Desktop/me/JUCE/Earx/Earx/Source/SineVoice.cpp */; };
		6E2D59ED6F5F4934888689AB /* /Users/arminjay/Desktop/me/JUCE/Earx/Earx/Source/AudioController.h */ = {isa = PBXBuildFile; fileRef = 26E33158929242C9B11BD0DD /* /Users/arminjay/Desktop/me/JUCE/Earx/Earx/Source/AudioController.h */; };
		845D903821D64CCABD504E1C /* /Users/arminjay/Desktop/me/JUCE/Earx/Earx/External/JUCE/modules/juce_audio_processors/juce_audio_processors_lv2_libs.cpp */ = {isa = PBXBuildFile; fileRef = B1F37E57EC3E4F2D83ED9947 /* /Users/arminjay/Desktop/me/JUCE/Earx/Earx/External/JUCE/modules/juce_audio_processors/juce_audio_processors_lv2_libs.cpp */; };
		9407B2944D4547768827A27D /* /Users/arminjay/Desktop/me/JUCE/Earx/Earx/Source/PianoSound.cpp */ = {isa = PBXBuildFile; fileRef = 9135A8EA3B1E447597B563BC /* /Users/arminjay/Desktop/me/JUCE/Earx/Earx/Source/PianoSound.cpp */; };
		9B93B41207C9446199FF0619 /* /Users/arminjay/Desktop/me/JUCE/Earx/Earx/Source/PianoVoice.h */ = {isa = PBXBuildFile; fileRef = 50F3B598761F4168BBF360A9 /* /Users/arminjay/Desktop/me/JUCE/Earx/Earx/Source/PianoVoice.h */; };
		ADB28816BFD549929FAB7BE1 /* /Users/arminjay/Desktop/me/JUCE/Earx/Earx/Source/AppState.cpp */ = {isa = PBXBuildFile; fileRef = 785839FC3F6143C095BE3C5E /* /Users/arminjay/Desktop/me/JUCE/Earx/Earx/Source/AppState.cpp */; };
		BAA8DE6E8B8C4A54864526F2 /* /Users/arminjay/Desktop/me/JUCE/Earx/Earx/External/JUCE/modules/juce_data_structures/juce_data_structures.mm */ = {isa = PBXBuildFile; fileRef = E0E31F18D2A7445FA21300DC /* /Users/arminjay/Desktop/me/JUCE/Earx/Earx/External/JUCE/modules/juce_data_structures/juce_data_structures.mm */; };
		BC0457D39AA1410DA647C8B7 /* /Users/arminjay/Desktop/me/JUCE/Earx/Earx/Source/EarxAudioEngineFFI.cpp */ = {isa = PBXBuildFile; fileRef = 50FA94A179FC42E28FE0D144 /* /Users/arminjay/Desktop/me/JUCE/Earx/Earx/Source/EarxAudioEngineFFI.cpp */; };
		C2C328E14717452C949A9BE5 /* /Users/arminjay/Desktop/me/JUCE/Earx/Earx/External/JUCE/modules/juce_core/juce_core.mm */ = {isa = PBXBuildFile; fileRef = E83452193747463888D1F245 /* /Users/arminjay/Desktop/me/JUCE/Earx/Earx/External/JUCE/modules/juce_core/juce_core.mm */; };
		CCB7BE4953704ECF8F01B2DF /* /Users/arminjay/Desktop/me/JUCE/Earx/Earx/Source/EarxAudioEngineFFI.h */ = {isa = PBXBuildFile; fileRef = B7B04E1E7C124F7B853821E0 /* /Users/arminjay/Desktop/me/JUCE/Earx/Earx/Source/EarxAudioEngineFFI.h */; };
		D0126A86B5524251A6EAFA8A /* /Users/arminjay/Desktop/me/JUCE/Earx/Earx/CMakeLists.txt */ = {isa = PBXBuildFile; fileRef = B09F73F9E4DF470797C9F6B9 /* /Users/arminjay/Desktop/me/JUCE/Earx/Earx/CMakeLists.txt */; };
		E76B1B0B1B2746EAB3A701CD /* /Users/arminjay/Desktop/me/JUCE/Earx/Earx/External/JUCE/modules/juce_audio_processors/juce_audio_processors.mm */ = {isa = PBXBuildFile; fileRef = 132396C0BBC9462BB60B2F48 /* /Users/arminjay/Desktop/me/JUCE/Earx/Earx/External/JUCE/modules/juce_audio_processors/juce_audio_processors.mm */; };
		EC73BD2B42C84C6FBF65E619 /* /Users/arminjay/Desktop/me/JUCE/Earx/Earx/External/JUCE/modules/juce_gui_basics/juce_gui_basics.mm */ = {isa = PBXBuildFile; fileRef = 6159BC419CF94C9EA24B49FC /* /Users/arminjay/Desktop/me/JUCE/Earx/Earx/External/JUCE/modules/juce_gui_basics/juce_gui_basics.mm */; };
		EFD29372A2774B0FB592AE42 /* /Users/arminjay/Desktop/me/JUCE/Earx/Earx/Source/SineVoice.h */ = {isa = PBXBuildFile; fileRef = 542E511714844A16BB82BAED /* /Users/arminjay/Desktop/me/JUCE/Earx/Earx/Source/SineVoice.h */; };
		F265EAA750BE411B9A5C2162 /* /Users/arminjay/Desktop/me/JUCE/Earx/Earx/External/JUCE/modules/juce_audio_formats/juce_audio_formats.mm */ = {isa = PBXBuildFile; fileRef = E0F9FEFC44DD4E4893421C1A /* /Users/arminjay/Desktop/me/JUCE/Earx/Earx/External/JUCE/modules/juce_audio_formats/juce_audio_formats.mm */; };
		F754E8F536BB4D66A262BA26 /* /Users/arminjay/Desktop/me/JUCE/Earx/Earx/External/JUCE/modules/juce_graphics/juce_graphics_Sheenbidi.c */ = {isa = PBXBuildFile; fileRef = FC3934C891634484A0DB152F /* /Users/arminjay/Desktop/me/JUCE/Earx/Earx/External/JUCE/modules/juce_graphics/juce_graphics_Sheenbidi.c */; };
/* End PBXBuildFile section */

/* Begin PBXBuildStyle section */
		2CD005C2E03A449F912CFDB8 /* MinSizeRel */ = {
			isa = PBXBuildStyle;
			buildSettings = {
				COPY_PHASE_STRIP = NO;
			};
			name = MinSizeRel;
		};
		59E4BE66BEBF4C44B06EEC70 /* Release */ = {
			isa = PBXBuildStyle;
			buildSettings = {
				COPY_PHASE_STRIP = NO;
			};
			name = Release;
		};
		DFEB68D9231143D0A7E58DE4 /* RelWithDebInfo */ = {
			isa = PBXBuildStyle;
			buildSettings = {
				COPY_PHASE_STRIP = NO;
			};
			name = RelWithDebInfo;
		};
		EC65D97685CC4FCFB6D6977C /* Debug */ = {
			isa = PBXBuildStyle;
			buildSettings = {
				COPY_PHASE_STRIP = NO;
			};
			name = Debug;
		};
/* End PBXBuildStyle section */

/* Begin PBXContainerItemProxy section */
		2E1AE97B429B43798AAFF065 /* PBXContainerItemProxy */ = {
			isa = PBXContainerItemProxy;
			containerPortal = 6E9D21AAB2724CC2901BFDDA /* Project object */;
			proxyType = 1;
			remoteGlobalIDString = 0994B1D9C796CF496881D11E;
			remoteInfo = ALL_BUILD;
		};
		546953A2D4AF4F85BE685C2B /* PBXContainerItemProxy */ = {
			isa = PBXContainerItemProxy;
			containerPortal = 6E9D21AAB2724CC2901BFDDA /* Project object */;
			proxyType = 1;
			remoteGlobalIDString = 5041E8C8701D41F55709B4D0;
			remoteInfo = EarxAudioEngine;
		};
		84723A26AC62415E88441286 /* PBXContainerItemProxy */ = {
			isa = PBXContainerItemProxy;
			containerPortal = 6E9D21AAB2724CC2901BFDDA /* Project object */;
			proxyType = 1;
			remoteGlobalIDString = A566E1F39D4CB82164906065;
			remoteInfo = ZERO_CHECK;
		};
		A595AA8B07F342BFBA1AA93D /* PBXContainerItemProxy */ = {
			isa = PBXContainerItemProxy;
			containerPortal = 6E9D21AAB2724CC2901BFDDA /* Project object */;
			proxyType = 1;
			remoteGlobalIDString = A566E1F39D4CB82164906065;
			remoteInfo = ZERO_CHECK;
		};
/* End PBXContainerItemProxy section */

/* Begin PBXFileReference section */
		00E191AE37EA4B7798069E20 /* /Users/arminjay/Desktop/me/JUCE/Earx/Earx/External/JUCE/modules/juce_graphics/juce_graphics_Harfbuzz.cpp */ = {isa = PBXFileReference; explicitFileType = sourcecode.cpp.cpp; fileEncoding = 4; name = juce_graphics_Harfbuzz.cpp; path = External/JUCE/modules/juce_graphics/juce_graphics_Harfbuzz.cpp; sourceTree = SOURCE_ROOT; };
		0D4F2D0A888449CAA50CB6D3 /* /Users/arminjay/Desktop/me/JUCE/Earx/Earx/Source/PianoSound.h */ = {isa = PBXFileReference; explicitFileType = sourcecode.c.h; fileEncoding = 4; name = PianoSound.h; path = Source/PianoSound.h; sourceTree = SOURCE_ROOT; };
		12223CF15CE34340B82710BB /* /Users/arminjay/Desktop/me/JUCE/Earx/Earx/External/JUCE/modules/juce_audio_utils/juce_audio_utils.mm */ = {isa = PBXFileReference; explicitFileType = sourcecode.cpp.objcpp; fileEncoding = 4; name = juce_audio_utils.mm; path = External/JUCE/modules/juce_audio_utils/juce_audio_utils.mm; sourceTree = SOURCE_ROOT; };
		12660764C9184C9BA758CD0D /* /Users/arminjay/Desktop/me/JUCE/Earx/Earx/External/JUCE/modules/juce_events/juce_events.mm */ = {isa = PBXFileReference; explicitFileType = sourcecode.cpp.objcpp; fileEncoding = 4; name = juce_events.mm; path = External/JUCE/modules/juce_events/juce_events.mm; sourceTree = SOURCE_ROOT; };
		132396C0BBC9462BB60B2F48 /* /Users/arminjay/Desktop/me/JUCE/Earx/Earx/External/JUCE/modules/juce_audio_processors/juce_audio_processors.mm */ = {isa = PBXFileReference; explicitFileType = sourcecode.cpp.objcpp; fileEncoding = 4; name = juce_audio_processors.mm; path = External/JUCE/modules/juce_audio_processors/juce_audio_processors.mm; sourceTree = SOURCE_ROOT; };
		14EB225C905E4CD3B00A3AD6 /* /Users/arminjay/Desktop/me/JUCE/Earx/Earx/External/JUCE/modules/juce_core/juce_core_CompilationTime.cpp */ = {isa = PBXFileReference; explicitFileType = sourcecode.cpp.cpp; fileEncoding = 4; name = juce_core_CompilationTime.cpp; path = External/JUCE/modules/juce_core/juce_core_CompilationTime.cpp; sourceTree = SOURCE_ROOT; };
		1A13582B94B54777B4AD88F1 /* /Users/arminjay/Desktop/me/JUCE/Earx/Earx/External/JUCE/modules/juce_audio_devices/juce_audio_devices.mm */ = {isa = PBXFileReference; explicitFileType = sourcecode.cpp.objcpp; fileEncoding = 4; name = juce_audio_devices.mm; path = External/JUCE/modules/juce_audio_devices/juce_audio_devices.mm; sourceTree = SOURCE_ROOT; };
		26E33158929242C9B11BD0DD /* /Users/arminjay/Desktop/me/JUCE/Earx/Earx/Source/AudioController.h */ = {isa = PBXFileReference; explicitFileType = sourcecode.c.h; fileEncoding = 4; name = AudioController.h; path = Source/AudioController.h; sourceTree = SOURCE_ROOT; };
		28335463E80848CD9ED44EB7 /* /Users/arminjay/Desktop/me/JUCE/Earx/Earx/External/JUCE/modules/juce_audio_processors/juce_audio_processors_ara.cpp */ = {isa = PBXFileReference; explicitFileType = sourcecode.cpp.cpp; fileEncoding = 4; name = juce_audio_processors_ara.cpp; path = External/JUCE/modules/juce_audio_processors/juce_audio_processors_ara.cpp; sourceTree = SOURCE_ROOT; };
		28C746BFBB6E4638945BE7A0 /* /Users/arminjay/Desktop/me/JUCE/Earx/Earx/External/JUCE/modules/juce_dsp/juce_dsp.mm */ = {isa = PBXFileReference; explicitFileType = sourcecode.cpp.objcpp; fileEncoding = 4; name = juce_dsp.mm; path = External/JUCE/modules/juce_dsp/juce_dsp.mm; sourceTree = SOURCE_ROOT; };
		325FBD1049A5400AB4CBCB37 /* /Users/arminjay/Desktop/me/JUCE/Earx/Earx/Source/DummySound.h */ = {isa = PBXFileReference; explicitFileType = sourcecode.c.h; fileEncoding = 4; name = DummySound.h; path = Source/DummySound.h; sourceTree = SOURCE_ROOT; };
		34FA2EAF9C9740AE9D35375D /* /Users/arminjay/Desktop/me/JUCE/Earx/Earx/Source/SineVoice.cpp */ = {isa = PBXFileReference; explicitFileType = sourcecode.cpp.cpp; fileEncoding = 4; name = SineVoice.cpp; path = Source/SineVoice.cpp; sourceTree = SOURCE_ROOT; };
		4447AB3B1F0F4A87AB7B6198 /* /Users/arminjay/Desktop/me/JUCE/Earx/Earx/External/JUCE/modules/juce_gui_extra/juce_gui_extra.mm */ = {isa = PBXFileReference; explicitFileType = sourcecode.cpp.objcpp; fileEncoding = 4; name = juce_gui_extra.mm; path = External/JUCE/modules/juce_gui_extra/juce_gui_extra.mm; sourceTree = SOURCE_ROOT; };
		4DCE369776844E70A976336A /* /Users/arminjay/Desktop/me/JUCE/Earx/Earx/Source/InteractionController.cpp */ = {isa = PBXFileReference; explicitFileType = sourcecode.cpp.cpp; fileEncoding = 4; name = InteractionController.cpp; path = Source/InteractionController.cpp; sourceTree = SOURCE_ROOT; };
		50F3B598761F4168BBF360A9 /* /Users/arminjay/Desktop/me/JUCE/Earx/Earx/Source/PianoVoice.h */ = {isa = PBXFileReference; explicitFileType = sourcecode.c.h; fileEncoding = 4; name = PianoVoice.h; path = Source/PianoVoice.h; sourceTree = SOURCE_ROOT; };
		50FA94A179FC42E28FE0D144 /* /Users/arminjay/Desktop/me/JUCE/Earx/Earx/Source/EarxAudioEngineFFI.cpp */ = {isa = PBXFileReference; explicitFileType = sourcecode.cpp.cpp; fileEncoding = 4; name = EarxAudioEngineFFI.cpp; path = Source/EarxAudioEngineFFI.cpp; sourceTree = SOURCE_ROOT; };
		542E511714844A16BB82BAED /* /Users/arminjay/Desktop/me/JUCE/Earx/Earx/Source/SineVoice.h */ = {isa = PBXFileReference; explicitFileType = sourcecode.c.h; fileEncoding = 4; name = SineVoice.h; path = Source/SineVoice.h; sourceTree = SOURCE_ROOT; };
		6159BC419CF94C9EA24B49FC /* /Users/arminjay/Desktop/me/JUCE/Earx/Earx/External/JUCE/modules/juce_gui_basics/juce_gui_basics.mm */ = {isa = PBXFileReference; explicitFileType = sourcecode.cpp.objcpp; fileEncoding = 4; name = juce_gui_basics.mm; path = External/JUCE/modules/juce_gui_basics/juce_gui_basics.mm; sourceTree = SOURCE_ROOT; };
		7600685357AD44F9B09AAF53 /* /Users/arminjay/Desktop/me/JUCE/Earx/Earx/Source/DummySound.cpp */ = {isa = PBXFileReference; explicitFileType = sourcecode.cpp.cpp; fileEncoding = 4; name = DummySound.cpp; path = Source/DummySound.cpp; sourceTree = SOURCE_ROOT; };
		785839FC3F6143C095BE3C5E /* /Users/arminjay/Desktop/me/JUCE/Earx/Earx/Source/AppState.cpp */ = {isa = PBXFileReference; explicitFileType = sourcecode.cpp.cpp; fileEncoding = 4; name = AppState.cpp; path = Source/AppState.cpp; sourceTree = SOURCE_ROOT; };
		812CD5098D534EF3B1D6B109 /* /Users/arminjay/Desktop/me/JUCE/Earx/Earx/CMakeLists.txt */ = {isa = PBXFileReference; explicitFileType = sourcecode.text; fileEncoding = 4; name = CMakeLists.txt; path = CMakeLists.txt; sourceTree = SOURCE_ROOT; };
		9135A8EA3B1E447597B563BC /* /Users/arminjay/Desktop/me/JUCE/Earx/Earx/Source/PianoSound.cpp */ = {isa = PBXFileReference; explicitFileType = sourcecode.cpp.cpp; fileEncoding = 4; name = PianoSound.cpp; path = Source/PianoSound.cpp; sourceTree = SOURCE_ROOT; };
		9AFACE80EDC54C3CAF45E7AC /* /Users/arminjay/Desktop/me/JUCE/Earx/Earx/Source/PianoVoice.cpp */ = {isa = PBXFileReference; explicitFileType = sourcecode.cpp.cpp; fileEncoding = 4; name = PianoVoice.cpp; path = Source/PianoVoice.cpp; sourceTree = SOURCE_ROOT; };
		B09F73F9E4DF470797C9F6B9 /* /Users/arminjay/Desktop/me/JUCE/Earx/Earx/CMakeLists.txt */ = {isa = PBXFileReference; explicitFileType = sourcecode.text; fileEncoding = 4; name = CMakeLists.txt; path = CMakeLists.txt; sourceTree = SOURCE_ROOT; };
		B1F37E57EC3E4F2D83ED9947 /* /Users/arminjay/Desktop/me/JUCE/Earx/Earx/External/JUCE/modules/juce_audio_processors/juce_audio_processors_lv2_libs.cpp */ = {isa = PBXFileReference; explicitFileType = sourcecode.cpp.cpp; fileEncoding = 4; name = juce_audio_processors_lv2_libs.cpp; path = External/JUCE/modules/juce_audio_processors/juce_audio_processors_lv2_libs.cpp; sourceTree = SOURCE_ROOT; };
		B4ACF5F9933546AD86BDB6B5 /* /Users/arminjay/Desktop/me/JUCE/Earx/Earx/External/JUCE/modules/juce_graphics/juce_graphics.mm */ = {isa = PBXFileReference; explicitFileType = sourcecode.cpp.objcpp; fileEncoding = 4; name = juce_graphics.mm; path = External/JUCE/modules/juce_graphics/juce_graphics.mm; sourceTree = SOURCE_ROOT; };
		B5D4F254B0254A4E953120EF /* /Users/arminjay/Desktop/me/JUCE/Earx/Earx/External/JUCE/modules/juce_audio_basics/juce_audio_basics.mm */ = {isa = PBXFileReference; explicitFileType = sourcecode.cpp.objcpp; fileEncoding = 4; name = juce_audio_basics.mm; path = External/JUCE/modules/juce_audio_basics/juce_audio_basics.mm; sourceTree = SOURCE_ROOT; };
		B7B04E1E7C124F7B853821E0 /* /Users/arminjay/Desktop/me/JUCE/Earx/Earx/Source/EarxAudioEngineFFI.h */ = {isa = PBXFileReference; explicitFileType = sourcecode.c.h; fileEncoding = 4; name = EarxAudioEngineFFI.h; path = Source/EarxAudioEngineFFI.h; sourceTree = SOURCE_ROOT; };
		BDC687A4EA014008B5D2017A /* /Users/arminjay/Desktop/me/JUCE/Earx/Earx/Source/AppState.h */ = {isa = PBXFileReference; explicitFileType = sourcecode.c.h; fileEncoding = 4; name = AppState.h; path = Source/AppState.h; sourceTree = SOURCE_ROOT; };
		C362715235FD42469FBCCC14 /* /Users/arminjay/Desktop/me/JUCE/Earx/Earx/Source/PlaybackEngine.h */ = {isa = PBXFileReference; explicitFileType = sourcecode.c.h; fileEncoding = 4; name = PlaybackEngine.h; path = Source/PlaybackEngine.h; sourceTree = SOURCE_ROOT; };
		CD69D5D3A3F0496BB599E946 /* /Users/arminjay/Desktop/me/JUCE/Earx/Earx/Source/AudioController.cpp */ = {isa = PBXFileReference; explicitFileType = sourcecode.cpp.cpp; fileEncoding = 4; name = AudioController.cpp; path = Source/AudioController.cpp; sourceTree = SOURCE_ROOT; };
		D1FC02B0E9644529A646169A /* /Users/arminjay/Desktop/me/JUCE/Earx/Earx/Source/PlaybackEngine.cpp */ = {isa = PBXFileReference; explicitFileType = sourcecode.cpp.cpp; fileEncoding = 4; name = PlaybackEngine.cpp; path = Source/PlaybackEngine.cpp; sourceTree = SOURCE_ROOT; };
		D2D0E9CBFE234718B7B6639F /* /Users/arminjay/Desktop/me/JUCE/Earx/Earx/Source/InteractionController.h */ = {isa = PBXFileReference; explicitFileType = sourcecode.c.h; fileEncoding = 4; name = InteractionController.h; path = Source/InteractionController.h; sourceTree = SOURCE_ROOT; };
		E0E31F18D2A7445FA21300DC /* /Users/arminjay/Desktop/me/JUCE/Earx/Earx/External/JUCE/modules/juce_data_structures/juce_data_structures.mm */ = {isa = PBXFileReference; explicitFileType = sourcecode.cpp.objcpp; fileEncoding = 4; name = juce_data_structures.mm; path = External/JUCE/modules/juce_data_structures/juce_data_structures.mm; sourceTree = SOURCE_ROOT; };
		E0F9FEFC44DD4E4893421C1A /* /Users/arminjay/Desktop/me/JUCE/Earx/Earx/External/JUCE/modules/juce_audio_formats/juce_audio_formats.mm */ = {isa = PBXFileReference; explicitFileType = sourcecode.cpp.objcpp; fileEncoding = 4; name = juce_audio_formats.mm; path = External/JUCE/modules/juce_audio_formats/juce_audio_formats.mm; sourceTree = SOURCE_ROOT; };
		E83452193747463888D1F245 /* /Users/arminjay/Desktop/me/JUCE/Earx/Earx/External/JUCE/modules/juce_core/juce_core.mm */ = {isa = PBXFileReference; explicitFileType = sourcecode.cpp.objcpp; fileEncoding = 4; name = juce_core.mm; path = External/JUCE/modules/juce_core/juce_core.mm; sourceTree = SOURCE_ROOT; };
		F52C9F5149D742509C7C8809 /* EarxAudioEngine */ = {isa = PBXFileReference; explicitFileType = archive.ar; path = libEarxAudioEngine.a; sourceTree = BUILT_PRODUCTS_DIR; };
		FC3934C891634484A0DB152F /* /Users/arminjay/Desktop/me/JUCE/Earx/Earx/External/JUCE/modules/juce_graphics/juce_graphics_Sheenbidi.c */ = {isa = PBXFileReference; explicitFileType = sourcecode.c.c; fileEncoding = 4; name = juce_graphics_Sheenbidi.c; path = External/JUCE/modules/juce_graphics/juce_graphics_Sheenbidi.c; sourceTree = SOURCE_ROOT; };
/* End PBXFileReference section */

/* Begin PBXFrameworksBuildPhase section */
		DD1A19895C244C2A8A15BA3E /* Frameworks */ = {
			isa = PBXFrameworksBuildPhase;
			buildActionMask = 2147483647;
			files = (
			);
			runOnlyForDeploymentPostprocessing = 0;
		};
/* End PBXFrameworksBuildPhase section */

/* Begin PBXGroup section */
		15CE14D22BEC448888FAA745 = {
			isa = PBXGroup;
			children = (
				D2A075DA7B22423A8F68E67D /* EarxAudioEngine */,
				7A8D8AF9A5AE4093AF61949A /* ALL_BUILD */,
				6D28BB5F9F8947BE96997EA9 /* Products */,
				C32B76B443674FE1834D150F /* Frameworks */,
				E4CB37CCF4E547B6831D0B88 /* Resources */,
			);
			sourceTree = "<group>";
		};
		6D28BB5F9F8947BE96997EA9 /* Products */ = {
			isa = PBXGroup;
			children = (
				F52C9F5149D742509C7C8809 /* EarxAudioEngine */,
			);
			name = Products;
			sourceTree = "<group>";
		};
		7A8D8AF9A5AE4093AF61949A /* ALL_BUILD */ = {
			isa = PBXGroup;
			children = (
				C52B8456DDF04BC39EE99B45 /* CMake Rules */,
				812CD5098D534EF3B1D6B109 /* /Users/arminjay/Desktop/me/JUCE/Earx/Earx/CMakeLists.txt */,
			);
			name = ALL_BUILD;
			sourceTree = "<group>";
		};
		B6B0FF23CE894596BAB17F62 /* Header Files */ = {
			isa = PBXGroup;
			children = (
				BDC687A4EA014008B5D2017A /* /Users/arminjay/Desktop/me/JUCE/Earx/Earx/Source/AppState.h */,
				26E33158929242C9B11BD0DD /* /Users/arminjay/Desktop/me/JUCE/Earx/Earx/Source/AudioController.h */,
				325FBD1049A5400AB4CBCB37 /* /Users/arminjay/Desktop/me/JUCE/Earx/Earx/Source/DummySound.h */,
				B7B04E1E7C124F7B853821E0 /* /Users/arminjay/Desktop/me/JUCE/Earx/Earx/Source/EarxAudioEngineFFI.h */,
				D2D0E9CBFE234718B7B6639F /* /Users/arminjay/Desktop/me/JUCE/Earx/Earx/Source/InteractionController.h */,
				0D4F2D0A888449CAA50CB6D3 /* /Users/arminjay/Desktop/me/JUCE/Earx/Earx/Source/PianoSound.h */,
				50F3B598761F4168BBF360A9 /* /Users/arminjay/Desktop/me/JUCE/Earx/Earx/Source/PianoVoice.h */,
				C362715235FD42469FBCCC14 /* /Users/arminjay/Desktop/me/JUCE/Earx/Earx/Source/PlaybackEngine.h */,
				542E511714844A16BB82BAED /* /Users/arminjay/Desktop/me/JUCE/Earx/Earx/Source/SineVoice.h */,
			);
			name = "Header Files";
			sourceTree = "<group>";
		};
		C32B76B443674FE1834D150F /* Frameworks */ = {
			isa = PBXGroup;
			children = (
			);
			name = Frameworks;
			sourceTree = "<group>";
		};
		C52B8456DDF04BC39EE99B45 /* CMake Rules */ = {
			isa = PBXGroup;
			children = (
			);
			name = "CMake Rules";
			sourceTree = "<group>";
		};
		D2A075DA7B22423A8F68E67D /* EarxAudioEngine */ = {
			isa = PBXGroup;
			children = (
				E5AFC833B6BE49C0B9BD7F6C /* Source Files */,
				B6B0FF23CE894596BAB17F62 /* Header Files */,
				B09F73F9E4DF470797C9F6B9 /* /Users/arminjay/Desktop/me/JUCE/Earx/Earx/CMakeLists.txt */,
			);
			name = EarxAudioEngine;
			sourceTree = "<group>";
		};
		E4CB37CCF4E547B6831D0B88 /* Resources */ = {
			isa = PBXGroup;
			children = (
			);
			name = Resources;
			sourceTree = "<group>";
		};
		E5AFC833B6BE49C0B9BD7F6C /* Source Files */ = {
			isa = PBXGroup;
			children = (
				B5D4F254B0254A4E953120EF /* /Users/arminjay/Desktop/me/JUCE/Earx/Earx/External/JUCE/modules/juce_audio_basics/juce_audio_basics.mm */,
				1A13582B94B54777B4AD88F1 /* /Users/arminjay/Desktop/me/JUCE/Earx/Earx/External/JUCE/modules/juce_audio_devices/juce_audio_devices.mm */,
				E0F9FEFC44DD4E4893421C1A /* /Users/arminjay/Desktop/me/JUCE/Earx/Earx/External/JUCE/modules/juce_audio_formats/juce_audio_formats.mm */,
				132396C0BBC9462BB60B2F48 /* /Users/arminjay/Desktop/me/JUCE/Earx/Earx/External/JUCE/modules/juce_audio_processors/juce_audio_processors.mm */,
				28335463E80848CD9ED44EB7 /* /Users/arminjay/Desktop/me/JUCE/Earx/Earx/External/JUCE/modules/juce_audio_processors/juce_audio_processors_ara.cpp */,
				B1F37E57EC3E4F2D83ED9947 /* /Users/arminjay/Desktop/me/JUCE/Earx/Earx/External/JUCE/modules/juce_audio_processors/juce_audio_processors_lv2_libs.cpp */,
				12223CF15CE34340B82710BB /* /Users/arminjay/Desktop/me/JUCE/Earx/Earx/External/JUCE/modules/juce_audio_utils/juce_audio_utils.mm */,
				E83452193747463888D1F245 /* /Users/arminjay/Desktop/me/JUCE/Earx/Earx/External/JUCE/modules/juce_core/juce_core.mm */,
				14EB225C905E4CD3B00A3AD6 /* /Users/arminjay/Desktop/me/JUCE/Earx/Earx/External/JUCE/modules/juce_core/juce_core_CompilationTime.cpp */,
				E0E31F18D2A7445FA21300DC /* /Users/arminjay/Desktop/me/JUCE/Earx/Earx/External/JUCE/modules/juce_data_structures/juce_data_structures.mm */,
				28C746BFBB6E4638945BE7A0 /* /Users/arminjay/Desktop/me/JUCE/Earx/Earx/External/JUCE/modules/juce_dsp/juce_dsp.mm */,
				12660764C9184C9BA758CD0D /* /Users/arminjay/Desktop/me/JUCE/Earx/Earx/External/JUCE/modules/juce_events/juce_events.mm */,
				B4ACF5F9933546AD86BDB6B5 /* /Users/arminjay/Desktop/me/JUCE/Earx/Earx/External/JUCE/modules/juce_graphics/juce_graphics.mm */,
				00E191AE37EA4B7798069E20 /* /Users/arminjay/Desktop/me/JUCE/Earx/Earx/External/JUCE/modules/juce_graphics/juce_graphics_Harfbuzz.cpp */,
				FC3934C891634484A0DB152F /* /Users/arminjay/Desktop/me/JUCE/Earx/Earx/External/JUCE/modules/juce_graphics/juce_graphics_Sheenbidi.c */,
				6159BC419CF94C9EA24B49FC /* /Users/arminjay/Desktop/me/JUCE/Earx/Earx/External/JUCE/modules/juce_gui_basics/juce_gui_basics.mm */,
				4447AB3B1F0F4A87AB7B6198 /* /Users/arminjay/Desktop/me/JUCE/Earx/Earx/External/JUCE/modules/juce_gui_extra/juce_gui_extra.mm */,
				785839FC3F6143C095BE3C5E /* /Users/arminjay/Desktop/me/JUCE/Earx/Earx/Source/AppState.cpp */,
				CD69D5D3A3F0496BB599E946 /* /Users/arminjay/Desktop/me/JUCE/Earx/Earx/Source/AudioController.cpp */,
				7600685357AD44F9B09AAF53 /* /Users/arminjay/Desktop/me/JUCE/Earx/Earx/Source/DummySound.cpp */,
				50FA94A179FC42E28FE0D144 /* /Users/arminjay/Desktop/me/JUCE/Earx/Earx/Source/EarxAudioEngineFFI.cpp */,
				4DCE369776844E70A976336A /* /Users/arminjay/Desktop/me/JUCE/Earx/Earx/Source/InteractionController.cpp */,
				9135A8EA3B1E447597B563BC /* /Users/arminjay/Desktop/me/JUCE/Earx/Earx/Source/PianoSound.cpp */,
				9AFACE80EDC54C3CAF45E7AC /* /Users/arminjay/Desktop/me/JUCE/Earx/Earx/Source/PianoVoice.cpp */,
				D1FC02B0E9644529A646169A /* /Users/arminjay/Desktop/me/JUCE/Earx/Earx/Source/PlaybackEngine.cpp */,
				34FA2EAF9C9740AE9D35375D /* /Users/arminjay/Desktop/me/JUCE/Earx/Earx/Source/SineVoice.cpp */,
			);
			name = "Source Files";
			sourceTree = "<group>";
		};
/* End PBXGroup section */

/* Begin PBXNativeTarget section */
		5041E8C8701D41F55709B4D0 /* EarxAudioEngine */ = {
			isa = PBXNativeTarget;
			buildConfigurationList = F157FA6A06CA4048ABA40EEE /* Build configuration list for PBXNativeTarget "EarxAudioEngine" */;
			buildPhases = (
				2CDF66D7C61842B18CC3880C /* Sources */,
				DD1A19895C244C2A8A15BA3E /* Frameworks */,
			);
			buildRules = (
			);
			dependencies = (
				36C59F7CB428439CB181F0E1 /* PBXTargetDependency */,
			);
			name = EarxAudioEngine;
			productName = EarxAudioEngine;
			productReference = F52C9F5149D742509C7C8809 /* EarxAudioEngine */;
			productType = "com.apple.product-type.library.static";
		};
/* End PBXNativeTarget section */

/* Begin PBXProject section */
		6E9D21AAB2724CC2901BFDDA /* Project object */ = {
			isa = PBXProject;
			attributes = {
				BuildIndependentTargetsInParallel = YES;
				LastUpgradeCheck = 1640;
			};
			buildConfigurationList = E5A1EF9171AD4355848C6D0B /* Build configuration list for PBXProject "Earx" */;
			buildSettings = {
			};
			buildStyles = (
				EC65D97685CC4FCFB6D6977C /* Debug */,
				59E4BE66BEBF4C44B06EEC70 /* Release */,
				2CD005C2E03A449F912CFDB8 /* MinSizeRel */,
				DFEB68D9231143D0A7E58DE4 /* RelWithDebInfo */,
			);
			compatibilityVersion = "Xcode 3.2";
			hasScannedForEncodings = 0;
			mainGroup = 15CE14D22BEC448888FAA745;
			projectDirPath = /Users/arminjay/Desktop/me/JUCE/Earx/Earx;
			projectRoot = "";
			targets = (
				0994B1D9C796CF496881D11E /* ALL_BUILD */,
				5041E8C8701D41F55709B4D0 /* EarxAudioEngine */,
				407C6B283F2FF45ED15AA2B3 /* install */,
				A566E1F39D4CB82164906065 /* ZERO_CHECK */,
			);
		};
/* End PBXProject section */

/* Begin PBXShellScriptBuildPhase section */
		3C0110FC8322DE7E50886E21 = {
			isa = PBXShellScriptBuildPhase;
			buildActionMask = 2147483647;
			files = (
			);
			inputPaths = (
			);
			outputPaths = (
			);
			runOnlyForDeploymentPostprocessing = 0;
			shellPath = /bin/sh;
			shellScript = "# shell script goes here
exit 0";
			showEnvVarsInLog = 0;
		};
		87AF4882E018677E2624B544 = {
			isa = PBXShellScriptBuildPhase;
			buildActionMask = 2147483647;
			files = (
			);
			inputPaths = (
			);
			outputPaths = (
			);
			runOnlyForDeploymentPostprocessing = 0;
			shellPath = /bin/sh;
			shellScript = "# shell script goes here
exit 0";
			showEnvVarsInLog = 0;
		};
		93426DA6A4AC2C2AC9CE883C /* CMake PostBuild Rules */ = {
			isa = PBXShellScriptBuildPhase;
			alwaysOutOfDate = 1;
			buildActionMask = 2147483647;
			files = (
			);
			inputPaths = (
			);
			name = "CMake PostBuild Rules";
			outputPaths = (
			);
			runOnlyForDeploymentPostprocessing = 0;
			shellPath = /bin/sh;
			shellScript = "set -e
if test \"$CONFIGURATION\" = \"Debug\"; then :
  cd /Users/arminjay/Desktop/me/JUCE/Earx/Earx/build-ios
  /opt/homebrew/bin/cmake -DBUILD_TYPE=$CONFIGURATION$EFFECTIVE_PLATFORM_NAME -P cmake_install.cmake
fi
if test \"$CONFIGURATION\" = \"Release\"; then :
  cd /Users/arminjay/Desktop/me/JUCE/Earx/Earx/build-ios
  /opt/homebrew/bin/cmake -DBUILD_TYPE=$CONFIGURATION$EFFECTIVE_PLATFORM_NAME -P cmake_install.cmake
fi
if test \"$CONFIGURATION\" = \"MinSizeRel\"; then :
  cd /Users/arminjay/Desktop/me/JUCE/Earx/Earx/build-ios
  /opt/homebrew/bin/cmake -DBUILD_TYPE=$CONFIGURATION$EFFECTIVE_PLATFORM_NAME -P cmake_install.cmake
fi
if test \"$CONFIGURATION\" = \"RelWithDebInfo\"; then :
  cd /Users/arminjay/Desktop/me/JUCE/Earx/Earx/build-ios
  /opt/homebrew/bin/cmake -DBUILD_TYPE=$CONFIGURATION$EFFECTIVE_PLATFORM_NAME -P cmake_install.cmake
fi
";
			showEnvVarsInLog = 0;
		};
		9B50530E35CC49C82C2FACCF = {
			isa = PBXShellScriptBuildPhase;
			buildActionMask = 2147483647;
			files = (
			);
			inputPaths = (
			);
			outputPaths = (
			);
			runOnlyForDeploymentPostprocessing = 0;
			shellPath = /bin/sh;
			shellScript = "# shell script goes here
exit 0";
			showEnvVarsInLog = 0;
		};
		E6A2B9B886FB4B7715D25BA4 /* Generate CMakeFiles/ALL_BUILD */ = {
			isa = PBXShellScriptBuildPhase;
			alwaysOutOfDate = 1;
			buildActionMask = 2147483647;
			files = (
			);
			inputPaths = (
			);
			name = "Generate CMakeFiles/ALL_BUILD";
			outputPaths = (
"/Users/arminjay/Desktop/me/JUCE/Earx/Earx/build-ios/CMakeFiles/ALL_BUILD"			);
			runOnlyForDeploymentPostprocessing = 0;
			shellPath = /bin/sh;
			shellScript = "set -e
if test \"$CONFIGURATION\" = \"Debug\"; then :
  cd /Users/arminjay/Desktop/me/JUCE/Earx/Earx/build-ios
  echo Build\\ all\\ projects
fi
if test \"$CONFIGURATION\" = \"Release\"; then :
  cd /Users/arminjay/Desktop/me/JUCE/Earx/Earx/build-ios
  echo Build\\ all\\ projects
fi
if test \"$CONFIGURATION\" = \"MinSizeRel\"; then :
  cd /Users/arminjay/Desktop/me/JUCE/Earx/Earx/build-ios
  echo Build\\ all\\ projects
fi
if test \"$CONFIGURATION\" = \"RelWithDebInfo\"; then :
  cd /Users/arminjay/Desktop/me/JUCE/Earx/Earx/build-ios
  echo Build\\ all\\ projects
fi
";
			showEnvVarsInLog = 0;
		};
		EC5A4C94B999C4590145E763 /* Generate CMakeFiles/ZERO_CHECK */ = {
			isa = PBXShellScriptBuildPhase;
			alwaysOutOfDate = 1;
			buildActionMask = 2147483647;
			files = (
			);
			inputPaths = (
			);
			name = "Generate CMakeFiles/ZERO_CHECK";
			outputPaths = (
"/Users/arminjay/Desktop/me/JUCE/Earx/Earx/build-ios/CMakeFiles/ZERO_CHECK"			);
			runOnlyForDeploymentPostprocessing = 0;
			shellPath = /bin/sh;
			shellScript = "set -e
if test \"$CONFIGURATION\" = \"Debug\"; then :
  cd /Users/arminjay/Desktop/me/JUCE/Earx/Earx/build-ios
  make -f /Users/arminjay/Desktop/me/JUCE/Earx/Earx/build-ios/CMakeScripts/ReRunCMake.make
fi
if test \"$CONFIGURATION\" = \"Release\"; then :
  cd /Users/arminjay/Desktop/me/JUCE/Earx/Earx/build-ios
  make -f /Users/arminjay/Desktop/me/JUCE/Earx/Earx/build-ios/CMakeScripts/ReRunCMake.make
fi
if test \"$CONFIGURATION\" = \"MinSizeRel\"; then :
  cd /Users/arminjay/Desktop/me/JUCE/Earx/Earx/build-ios
  make -f /Users/arminjay/Desktop/me/JUCE/Earx/Earx/build-ios/CMakeScripts/ReRunCMake.make
fi
if test \"$CONFIGURATION\" = \"RelWithDebInfo\"; then :
  cd /Users/arminjay/Desktop/me/JUCE/Earx/Earx/build-ios
  make -f /Users/arminjay/Desktop/me/JUCE/Earx/Earx/build-ios/CMakeScripts/ReRunCMake.make
fi
";
			showEnvVarsInLog = 0;
		};
/* End PBXShellScriptBuildPhase section */

/* Begin PBXSourcesBuildPhase section */
		2CDF66D7C61842B18CC3880C /* Sources */ = {
			isa = PBXSourcesBuildPhase;
			buildActionMask = 2147483647;
			files = (
				476710E8C7394F558A6AE7D0 /* /Users/arminjay/Desktop/me/JUCE/Earx/Earx/External/JUCE/modules/juce_audio_basics/juce_audio_basics.mm */,
				423D6180F5874AB0BFA9DB3A /* /Users/arminjay/Desktop/me/JUCE/Earx/Earx/External/JUCE/modules/juce_audio_devices/juce_audio_devices.mm */,
				F265EAA750BE411B9A5C2162 /* /Users/arminjay/Desktop/me/JUCE/Earx/Earx/External/JUCE/modules/juce_audio_formats/juce_audio_formats.mm */,
				E76B1B0B1B2746EAB3A701CD /* /Users/arminjay/Desktop/me/JUCE/Earx/Earx/External/JUCE/modules/juce_audio_processors/juce_audio_processors.mm */,
				05847DE00709465EBEB26C90 /* /Users/arminjay/Desktop/me/JUCE/Earx/Earx/External/JUCE/modules/juce_audio_processors/juce_audio_processors_ara.cpp */,
				845D903821D64CCABD504E1C /* /Users/arminjay/Desktop/me/JUCE/Earx/Earx/External/JUCE/modules/juce_audio_processors/juce_audio_processors_lv2_libs.cpp */,
				147D28745B444EEEAFD09149 /* /Users/arminjay/Desktop/me/JUCE/Earx/Earx/External/JUCE/modules/juce_audio_utils/juce_audio_utils.mm */,
				C2C328E14717452C949A9BE5 /* /Users/arminjay/Desktop/me/JUCE/Earx/Earx/External/JUCE/modules/juce_core/juce_core.mm */,
				35A605514CD94478BB93F08F /* /Users/arminjay/Desktop/me/JUCE/Earx/Earx/External/JUCE/modules/juce_core/juce_core_CompilationTime.cpp */,
				BAA8DE6E8B8C4A54864526F2 /* /Users/arminjay/Desktop/me/JUCE/Earx/Earx/External/JUCE/modules/juce_data_structures/juce_data_structures.mm */,
				5A4C7E7C73194E6DB3334518 /* /Users/arminjay/Desktop/me/JUCE/Earx/Earx/External/JUCE/modules/juce_dsp/juce_dsp.mm */,
				0F356FE58B6044789487B2DB /* /Users/arminjay/Desktop/me/JUCE/Earx/Earx/External/JUCE/modules/juce_events/juce_events.mm */,
				20B7070DB22F46F19087E1BC /* /Users/arminjay/Desktop/me/JUCE/Earx/Earx/External/JUCE/modules/juce_graphics/juce_graphics.mm */,
				544345179FD54571864A5C7F /* /Users/arminjay/Desktop/me/JUCE/Earx/Earx/External/JUCE/modules/juce_graphics/juce_graphics_Harfbuzz.cpp */,
				F754E8F536BB4D66A262BA26 /* /Users/arminjay/Desktop/me/JUCE/Earx/Earx/External/JUCE/modules/juce_graphics/juce_graphics_Sheenbidi.c */,
				EC73BD2B42C84C6FBF65E619 /* /Users/arminjay/Desktop/me/JUCE/Earx/Earx/External/JUCE/modules/juce_gui_basics/juce_gui_basics.mm */,
				1FEA800C01F74F0487929C5F /* /Users/arminjay/Desktop/me/JUCE/Earx/Earx/External/JUCE/modules/juce_gui_extra/juce_gui_extra.mm */,
				ADB28816BFD549929FAB7BE1 /* /Users/arminjay/Desktop/me/JUCE/Earx/Earx/Source/AppState.cpp */,
				619B29A1DE8B4395AA80FE01 /* /Users/arminjay/Desktop/me/JUCE/Earx/Earx/Source/AudioController.cpp */,
				57A85753AF0D481097816F72 /* /Users/arminjay/Desktop/me/JUCE/Earx/Earx/Source/DummySound.cpp */,
				BC0457D39AA1410DA647C8B7 /* /Users/arminjay/Desktop/me/JUCE/Earx/Earx/Source/EarxAudioEngineFFI.cpp */,
				1798A3A6BF3A425FBF46F5B4 /* /Users/arminjay/Desktop/me/JUCE/Earx/Earx/Source/InteractionController.cpp */,
				9407B2944D4547768827A27D /* /Users/arminjay/Desktop/me/JUCE/Earx/Earx/Source/PianoSound.cpp */,
				47F698F8572B4BB3974B3A26 /* /Users/arminjay/Desktop/me/JUCE/Earx/Earx/Source/PianoVoice.cpp */,
				03F68DBA05EF405E804935BF /* /Users/arminjay/Desktop/me/JUCE/Earx/Earx/Source/PlaybackEngine.cpp */,
				6513C9CB834E480A8529B746 /* /Users/arminjay/Desktop/me/JUCE/Earx/Earx/Source/SineVoice.cpp */,
			);
			runOnlyForDeploymentPostprocessing = 0;
		};
/* End PBXSourcesBuildPhase section */

/* Begin PBXTargetDependency section */
		36C59F7CB428439CB181F0E1 /* PBXTargetDependency */ = {
			isa = PBXTargetDependency;
			target = A566E1F39D4CB82164906065 /* ZERO_CHECK */;
			targetProxy = 84723A26AC62415E88441286 /* PBXContainerItemProxy */;
		};
		410C1105C12B4592ACBE275C /* PBXTargetDependency */ = {
			isa = PBXTargetDependency;
			target = A566E1F39D4CB82164906065 /* ZERO_CHECK */;
			targetProxy = A595AA8B07F342BFBA1AA93D /* PBXContainerItemProxy */;
		};
		C18F6B2B530A4B888AD954AC /* PBXTargetDependency */ = {
			isa = PBXTargetDependency;
			target = 0994B1D9C796CF496881D11E /* ALL_BUILD */;
			targetProxy = 2E1AE97B429B43798AAFF065 /* PBXContainerItemProxy */;
		};
		C9A32C7D09C6479CA0879128 /* PBXTargetDependency */ = {
			isa = PBXTargetDependency;
			target = 5041E8C8701D41F55709B4D0 /* EarxAudioEngine */;
			targetProxy = 546953A2D4AF4F85BE685C2B /* PBXContainerItemProxy */;
		};
/* End PBXTargetDependency section */

/* Begin XCBuildConfiguration section */
		32FBBB727DC54782A1DC0300 /* Release */ = {
			isa = XCBuildConfiguration;
			buildSettings = {
				ALWAYS_SEARCH_USER_PATHS = NO;
				ARCHS = arm64;
				COMBINE_HIDPI_IMAGES = YES;
				GCC_GENERATE_DEBUGGING_SYMBOLS = YES;
				GCC_INLINES_ARE_PRIVATE_EXTERN = NO;
				GCC_OPTIMIZATION_LEVEL = 0;
				GCC_PREPROCESSOR_DEFINITIONS = ("'CMAKE_INTDIR=\"$(CONFIGURATION)$(EFFECTIVE_PLATFORM_NAME)\"'","$(inherited)");
				GCC_SYMBOLS_PRIVATE_EXTERN = NO;
				INSTALL_PATH = "";
				ONLY_ACTIVE_ARCH = NO;
				OTHER_LDFLAGS = ("","$(inherited)");
				OTHER_REZFLAGS = "";
				PRODUCT_NAME = ZERO_CHECK;
				SECTORDER_FLAGS = "";
				USE_HEADERMAP = NO;
				WARNING_CFLAGS = ("$(inherited)");
			};
			name = Release;
		};
		39DE2A6E2A1C441B8606B729 /* RelWithDebInfo */ = {
			isa = XCBuildConfiguration;
			buildSettings = {
				ALWAYS_SEARCH_USER_PATHS = NO;
				ARCHS = arm64;
				COMBINE_HIDPI_IMAGES = YES;
				GCC_GENERATE_DEBUGGING_SYMBOLS = YES;
				GCC_INLINES_ARE_PRIVATE_EXTERN = NO;
				GCC_OPTIMIZATION_LEVEL = 0;
				GCC_PREPROCESSOR_DEFINITIONS = ("'CMAKE_INTDIR=\"$(CONFIGURATION)$(EFFECTIVE_PLATFORM_NAME)\"'","$(inherited)");
				GCC_SYMBOLS_PRIVATE_EXTERN = NO;
				INSTALL_PATH = "";
				ONLY_ACTIVE_ARCH = NO;
				OTHER_LDFLAGS = ("","$(inherited)");
				OTHER_REZFLAGS = "";
				PRODUCT_NAME = install;
				SECTORDER_FLAGS = "";
				USE_HEADERMAP = NO;
				WARNING_CFLAGS = ("$(inherited)");
			};
			name = RelWithDebInfo;
		};
		3F8ED4731DE14AF887E0F45E /* Release */ = {
			isa = XCBuildConfiguration;
			buildSettings = {
				ALWAYS_SEARCH_USER_PATHS = NO;
				ARCHS = arm64;
				COMBINE_HIDPI_IMAGES = YES;
				CONFIGURATION_BUILD_DIR = "/Users/arminjay/Desktop/me/JUCE/Earx/Earx/build-ios/Release";
				ENABLE_BITCODE = NO;
				EXECUTABLE_PREFIX = lib;
				EXECUTABLE_SUFFIX = .a;
				GCC_GENERATE_DEBUGGING_SYMBOLS = NO;
				GCC_INLINES_ARE_PRIVATE_EXTERN = NO;
				GCC_OPTIMIZATION_LEVEL = 3;
				GCC_PREPROCESSOR_DEFINITIONS = ("'CMAKE_INTDIR=\"$(CONFIGURATION)$(EFFECTIVE_PLATFORM_NAME)\"'","'JUCE_APPLICATION_NAME_STRING=\"EarX\"'","'JUCE_APPLICATION_VERSION_STRING=\"1.0.0\"'","'JUCE_WEB_BROWSER=0'","'JUCE_USE_CURL=0'","'JUCE_STRICT_REFCOUNTEDPOINTER=1'","'JUCE_STANDALONE_APPLICATION=1'","'JUCE_ALSA=0'","'JUCE_USE_ANDROID_MIDI_API=0'","'JUCE_USE_WINRT_MIDI=0'","'JUCE_DISABLE_AUDIO_MIXING_WITH_OTHER_APPS=0'","'JUCE_USE_COREMIDI=0'","'JUCE_PLUGINHOST_AU=0'","'JUCE_PLUGINHOST_VST3=0'","'JUCE_USE_MP3AUDIOFORMAT=0'","'JUCE_DONT_AUTO_OPEN_MIDI_DEVICES_ON_MOBILE=1'","'JUCE_GLOBAL_MODULE_SETTINGS_INCLUDED=1'","'NDEBUG=1'","'_NDEBUG=1'","'JUCE_MODULE_AVAILABLE_juce_core=1'","'JUCE_MODULE_AVAILABLE_juce_data_structures=1'","'JUCE_MODULE_AVAILABLE_juce_events=1'","'JUCE_MODULE_AVAILABLE_juce_audio_utils=1'","'JUCE_MODULE_AVAILABLE_juce_audio_processors=1'","'JUCE_MODULE_AVAILABLE_juce_gui_extra=1'","'JUCE_MODULE_AVAILABLE_juce_gui_basics=1'","'JUCE_MODULE_AVAILABLE_juce_graphics=1'","'JUCE_MODULE_AVAILABLE_juce_audio_basics=1'","'JUCE_MODULE_AVAILABLE_juce_audio_formats=1'","'JUCE_MODULE_AVAILABLE_juce_audio_devices=1'","'JUCE_MODULE_AVAILABLE_juce_dsp=1'","$(inherited)");
				GCC_SYMBOLS_PRIVATE_EXTERN = NO;
				HEADER_SEARCH_PATHS = (/Users/arminjay/Desktop/me/JUCE/Earx/Earx,/Users/arminjay/Desktop/me/JUCE/Earx/Earx/Source,/Users/arminjay/Desktop/me/JUCE/Earx/Earx/External/JUCE/modules,/Users/arminjay/Desktop/me/JUCE/Earx/Earx/External/JUCE/modules/juce_audio_processors/format_types/VST3_SDK,/Users/arminjay/Desktop/me/JUCE/Earx/Earx/External/JUCE/modules/juce_audio_processors/format_types/LV2_SDK,/Users/arminjay/Desktop/me/JUCE/Earx/Earx/External/JUCE/modules/juce_audio_processors/format_types/LV2_SDK/lv2,/Users/arminjay/Desktop/me/JUCE/Earx/Earx/External/JUCE/modules/juce_audio_processors/format_types/LV2_SDK/serd,/Users/arminjay/Desktop/me/JUCE/Earx/Earx/External/JUCE/modules/juce_audio_processors/format_types/LV2_SDK/sord,/Users/arminjay/Desktop/me/JUCE/Earx/Earx/External/JUCE/modules/juce_audio_processors/format_types/LV2_SDK/sord/src,/Users/arminjay/Desktop/me/JUCE/Earx/Earx/External/JUCE/modules/juce_audio_processors/format_types/LV2_SDK/sratom,/Users/arminjay/Desktop/me/JUCE/Earx/Earx/External/JUCE/modules/juce_audio_processors/format_types/LV2_SDK/lilv,/Users/arminjay/Desktop/me/JUCE/Earx/Earx/External/JUCE/modules/juce_audio_processors/format_types/LV2_SDK/lilv/src,"$(inherited)");
				INSTALL_PATH = "";
				LIBRARY_STYLE = STATIC;
				ONLY_ACTIVE_ARCH = NO;
				OTHER_CFLAGS = ("    -DNDEBUG ","$(inherited)");
				OTHER_CPLUSPLUSFLAGS = "    -DNDEBUG '-std=gnu++17' -Wno-deprecated-declarations ";
				OTHER_LIBTOOLFLAGS = ("");
				OTHER_REZFLAGS = "";
				PRODUCT_NAME = EarxAudioEngine;
				SECTORDER_FLAGS = "";
				SKIP_INSTALL = YES;
				SUPPORTED_PLATFORMS = "iphonesimulator iphoneos";
				TARGET_TEMP_DIR = "/Users/arminjay/Desktop/me/JUCE/Earx/Earx/build-ios/build/EarxAudioEngine.build/$(CONFIGURATION)$(EFFECTIVE_PLATFORM_NAME)";
				USE_HEADERMAP = NO;
				WARNING_CFLAGS = ("$(inherited)");
			};
			name = Release;
		};
		482B33689FFD4D17858DE028 /* Debug */ = {
			isa = XCBuildConfiguration;
			buildSettings = {
				ARCHS = arm64;
				SDKROOT = "";
				SYMROOT = "/Users/arminjay/Desktop/me/JUCE/Earx/Earx/build-ios/build";
			};
			name = Debug;
		};
		5217EC8ACEFE474AB10E99CD /* Release */ = {
			isa = XCBuildConfiguration;
			buildSettings = {
				ALWAYS_SEARCH_USER_PATHS = NO;
				ARCHS = arm64;
				COMBINE_HIDPI_IMAGES = YES;
				GCC_GENERATE_DEBUGGING_SYMBOLS = YES;
				GCC_INLINES_ARE_PRIVATE_EXTERN = NO;
				GCC_OPTIMIZATION_LEVEL = 0;
				GCC_PREPROCESSOR_DEFINITIONS = ("'CMAKE_INTDIR=\"$(CONFIGURATION)$(EFFECTIVE_PLATFORM_NAME)\"'","$(inherited)");
				GCC_SYMBOLS_PRIVATE_EXTERN = NO;
				INSTALL_PATH = "";
				ONLY_ACTIVE_ARCH = NO;
				OTHER_LDFLAGS = ("","$(inherited)");
				OTHER_REZFLAGS = "";
				PRODUCT_NAME = ALL_BUILD;
				SECTORDER_FLAGS = "";
				USE_HEADERMAP = NO;
				WARNING_CFLAGS = ("$(inherited)");
			};
			name = Release;
		};
		6F9C2C978AFA415EAD7C4379 /* Release */ = {
			isa = XCBuildConfiguration;
			buildSettings = {
				ARCHS = arm64;
				SDKROOT = "";
				SWIFT_COMPILATION_MODE = wholemodule;
				SYMROOT = "/Users/arminjay/Desktop/me/JUCE/Earx/Earx/build-ios/build";
			};
			name = Release;
		};
		7C38A464E8F94D868205B80A /* Debug */ = {
			isa = XCBuildConfiguration;
			buildSettings = {
				ALWAYS_SEARCH_USER_PATHS = NO;
				ARCHS = arm64;
				COMBINE_HIDPI_IMAGES = YES;
				CONFIGURATION_BUILD_DIR = "/Users/arminjay/Desktop/me/JUCE/Earx/Earx/build-ios/Debug";
				ENABLE_BITCODE = NO;
				EXECUTABLE_PREFIX = lib;
				EXECUTABLE_SUFFIX = .a;
				GCC_GENERATE_DEBUGGING_SYMBOLS = YES;
				GCC_INLINES_ARE_PRIVATE_EXTERN = NO;
				GCC_OPTIMIZATION_LEVEL = 0;
				GCC_PREPROCESSOR_DEFINITIONS = ("'CMAKE_INTDIR=\"$(CONFIGURATION)$(EFFECTIVE_PLATFORM_NAME)\"'","'JUCE_APPLICATION_NAME_STRING=\"EarX\"'","'JUCE_APPLICATION_VERSION_STRING=\"1.0.0\"'","'JUCE_WEB_BROWSER=0'","'JUCE_USE_CURL=0'","'JUCE_STRICT_REFCOUNTEDPOINTER=1'","'JUCE_STANDALONE_APPLICATION=1'","'JUCE_ALSA=0'","'JUCE_USE_ANDROID_MIDI_API=0'","'JUCE_USE_WINRT_MIDI=0'","'JUCE_DISABLE_AUDIO_MIXING_WITH_OTHER_APPS=0'","'JUCE_USE_COREMIDI=0'","'JUCE_PLUGINHOST_AU=0'","'JUCE_PLUGINHOST_VST3=0'","'JUCE_USE_MP3AUDIOFORMAT=0'","'JUCE_DONT_AUTO_OPEN_MIDI_DEVICES_ON_MOBILE=1'","'DEBUG=1'","'_DEBUG=1'","'JUCE_GLOBAL_MODULE_SETTINGS_INCLUDED=1'","'JUCE_MODULE_AVAILABLE_juce_core=1'","'JUCE_MODULE_AVAILABLE_juce_data_structures=1'","'JUCE_MODULE_AVAILABLE_juce_events=1'","'JUCE_MODULE_AVAILABLE_juce_audio_utils=1'","'JUCE_MODULE_AVAILABLE_juce_audio_processors=1'","'JUCE_MODULE_AVAILABLE_juce_gui_extra=1'","'JUCE_MODULE_AVAILABLE_juce_gui_basics=1'","'JUCE_MODULE_AVAILABLE_juce_graphics=1'","'JUCE_MODULE_AVAILABLE_juce_audio_basics=1'","'JUCE_MODULE_AVAILABLE_juce_audio_formats=1'","'JUCE_MODULE_AVAILABLE_juce_audio_devices=1'","'JUCE_MODULE_AVAILABLE_juce_dsp=1'","$(inherited)");
				GCC_SYMBOLS_PRIVATE_EXTERN = NO;
				HEADER_SEARCH_PATHS = (/Users/arminjay/Desktop/me/JUCE/Earx/Earx,/Users/arminjay/Desktop/me/JUCE/Earx/Earx/Source,/Users/arminjay/Desktop/me/JUCE/Earx/Earx/External/JUCE/modules,/Users/arminjay/Desktop/me/JUCE/Earx/Earx/External/JUCE/modules/juce_audio_processors/format_types/VST3_SDK,/Users/arminjay/Desktop/me/JUCE/Earx/Earx/External/JUCE/modules/juce_audio_processors/format_types/LV2_SDK,/Users/arminjay/Desktop/me/JUCE/Earx/Earx/External/JUCE/modules/juce_audio_processors/format_types/LV2_SDK/lv2,/Users/arminjay/Desktop/me/JUCE/Earx/Earx/External/JUCE/modules/juce_audio_processors/format_types/LV2_SDK/serd,/Users/arminjay/Desktop/me/JUCE/Earx/Earx/External/JUCE/modules/juce_audio_processors/format_types/LV2_SDK/sord,/Users/arminjay/Desktop/me/JUCE/Earx/Earx/External/JUCE/modules/juce_audio_processors/format_types/LV2_SDK/sord/src,/Users/arminjay/Desktop/me/JUCE/Earx/Earx/External/JUCE/modules/juce_audio_processors/format_types/LV2_SDK/sratom,/Users/arminjay/Desktop/me/JUCE/Earx/Earx/External/JUCE/modules/juce_audio_processors/format_types/LV2_SDK/lilv,/Users/arminjay/Desktop/me/JUCE/Earx/Earx/External/JUCE/modules/juce_audio_processors/format_types/LV2_SDK/lilv/src,"$(inherited)");
				INSTALL_PATH = "";
				LIBRARY_STYLE = STATIC;
				ONLY_ACTIVE_ARCH = NO;
				OTHER_CFLAGS = ("   ","$(inherited)");
				OTHER_CPLUSPLUSFLAGS = "   '-std=gnu++17' -Wno-deprecated-declarations ";
				OTHER_LIBTOOLFLAGS = ("");
				OTHER_REZFLAGS = "";
				PRODUCT_NAME = EarxAudioEngine;
				SECTORDER_FLAGS = "";
				SKIP_INSTALL = YES;
				SUPPORTED_PLATFORMS = "iphonesimulator iphoneos";
				TARGET_TEMP_DIR = "/Users/arminjay/Desktop/me/JUCE/Earx/Earx/build-ios/build/EarxAudioEngine.build/$(CONFIGURATION)$(EFFECTIVE_PLATFORM_NAME)";
				USE_HEADERMAP = NO;
				WARNING_CFLAGS = ("$(inherited)");
			};
			name = Debug;
		};
		82C3A2A318F74D5183737727 /* Release */ = {
			isa = XCBuildConfiguration;
			buildSettings = {
				ALWAYS_SEARCH_USER_PATHS = NO;
				ARCHS = arm64;
				COMBINE_HIDPI_IMAGES = YES;
				GCC_GENERATE_DEBUGGING_SYMBOLS = YES;
				GCC_INLINES_ARE_PRIVATE_EXTERN = NO;
				GCC_OPTIMIZATION_LEVEL = 0;
				GCC_PREPROCESSOR_DEFINITIONS = ("'CMAKE_INTDIR=\"$(CONFIGURATION)$(EFFECTIVE_PLATFORM_NAME)\"'","$(inherited)");
				GCC_SYMBOLS_PRIVATE_EXTERN = NO;
				INSTALL_PATH = "";
				ONLY_ACTIVE_ARCH = NO;
				OTHER_LDFLAGS = ("","$(inherited)");
				OTHER_REZFLAGS = "";
				PRODUCT_NAME = install;
				SECTORDER_FLAGS = "";
				USE_HEADERMAP = NO;
				WARNING_CFLAGS = ("$(inherited)");
			};
			name = Release;
		};
		9CCD7A3CFBEB47BCB5FEAB91 /* MinSizeRel */ = {
			isa = XCBuildConfiguration;
			buildSettings = {
				ALWAYS_SEARCH_USER_PATHS = NO;
				ARCHS = arm64;
				COMBINE_HIDPI_IMAGES = YES;
				GCC_GENERATE_DEBUGGING_SYMBOLS = YES;
				GCC_INLINES_ARE_PRIVATE_EXTERN = NO;
				GCC_OPTIMIZATION_LEVEL = 0;
				GCC_PREPROCESSOR_DEFINITIONS = ("'CMAKE_INTDIR=\"$(CONFIGURATION)$(EFFECTIVE_PLATFORM_NAME)\"'","$(inherited)");
				GCC_SYMBOLS_PRIVATE_EXTERN = NO;
				INSTALL_PATH = "";
				ONLY_ACTIVE_ARCH = NO;
				OTHER_LDFLAGS = ("","$(inherited)");
				OTHER_REZFLAGS = "";
				PRODUCT_NAME = ALL_BUILD;
				SECTORDER_FLAGS = "";
				USE_HEADERMAP = NO;
				WARNING_CFLAGS = ("$(inherited)");
			};
			name = MinSizeRel;
		};
		AD6C473AC620436A990660C1 /* MinSizeRel */ = {
			isa = XCBuildConfiguration;
			buildSettings = {
				ALWAYS_SEARCH_USER_PATHS = NO;
				ARCHS = arm64;
				COMBINE_HIDPI_IMAGES = YES;
				CONFIGURATION_BUILD_DIR = "/Users/arminjay/Desktop/me/JUCE/Earx/Earx/build-ios/MinSizeRel";
				ENABLE_BITCODE = NO;
				EXECUTABLE_PREFIX = lib;
				EXECUTABLE_SUFFIX = .a;
				GCC_GENERATE_DEBUGGING_SYMBOLS = NO;
				GCC_INLINES_ARE_PRIVATE_EXTERN = NO;
				GCC_OPTIMIZATION_LEVEL = s;
				GCC_PREPROCESSOR_DEFINITIONS = ("'CMAKE_INTDIR=\"$(CONFIGURATION)$(EFFECTIVE_PLATFORM_NAME)\"'","'JUCE_APPLICATION_NAME_STRING=\"EarX\"'","'JUCE_APPLICATION_VERSION_STRING=\"1.0.0\"'","'JUCE_WEB_BROWSER=0'","'JUCE_USE_CURL=0'","'JUCE_STRICT_REFCOUNTEDPOINTER=1'","'JUCE_STANDALONE_APPLICATION=1'","'JUCE_ALSA=0'","'JUCE_USE_ANDROID_MIDI_API=0'","'JUCE_USE_WINRT_MIDI=0'","'JUCE_DISABLE_AUDIO_MIXING_WITH_OTHER_APPS=0'","'JUCE_USE_COREMIDI=0'","'JUCE_PLUGINHOST_AU=0'","'JUCE_PLUGINHOST_VST3=0'","'JUCE_USE_MP3AUDIOFORMAT=0'","'JUCE_DONT_AUTO_OPEN_MIDI_DEVICES_ON_MOBILE=1'","'JUCE_GLOBAL_MODULE_SETTINGS_INCLUDED=1'","'NDEBUG=1'","'_NDEBUG=1'","'JUCE_MODULE_AVAILABLE_juce_core=1'","'JUCE_MODULE_AVAILABLE_juce_data_structures=1'","'JUCE_MODULE_AVAILABLE_juce_events=1'","'JUCE_MODULE_AVAILABLE_juce_audio_utils=1'","'JUCE_MODULE_AVAILABLE_juce_audio_processors=1'","'JUCE_MODULE_AVAILABLE_juce_gui_extra=1'","'JUCE_MODULE_AVAILABLE_juce_gui_basics=1'","'JUCE_MODULE_AVAILABLE_juce_graphics=1'","'JUCE_MODULE_AVAILABLE_juce_audio_basics=1'","'JUCE_MODULE_AVAILABLE_juce_audio_formats=1'","'JUCE_MODULE_AVAILABLE_juce_audio_devices=1'","'JUCE_MODULE_AVAILABLE_juce_dsp=1'","$(inherited)");
				GCC_SYMBOLS_PRIVATE_EXTERN = NO;
				HEADER_SEARCH_PATHS = (/Users/arminjay/Desktop/me/JUCE/Earx/Earx,/Users/arminjay/Desktop/me/JUCE/Earx/Earx/Source,/Users/arminjay/Desktop/me/JUCE/Earx/Earx/External/JUCE/modules,/Users/arminjay/Desktop/me/JUCE/Earx/Earx/External/JUCE/modules/juce_audio_processors/format_types/VST3_SDK,/Users/arminjay/Desktop/me/JUCE/Earx/Earx/External/JUCE/modules/juce_audio_processors/format_types/LV2_SDK,/Users/arminjay/Desktop/me/JUCE/Earx/Earx/External/JUCE/modules/juce_audio_processors/format_types/LV2_SDK/lv2,/Users/arminjay/Desktop/me/JUCE/Earx/Earx/External/JUCE/modules/juce_audio_processors/format_types/LV2_SDK/serd,/Users/arminjay/Desktop/me/JUCE/Earx/Earx/External/JUCE/modules/juce_audio_processors/format_types/LV2_SDK/sord,/Users/arminjay/Desktop/me/JUCE/Earx/Earx/External/JUCE/modules/juce_audio_processors/format_types/LV2_SDK/sord/src,/Users/arminjay/Desktop/me/JUCE/Earx/Earx/External/JUCE/modules/juce_audio_processors/format_types/LV2_SDK/sratom,/Users/arminjay/Desktop/me/JUCE/Earx/Earx/External/JUCE/modules/juce_audio_processors/format_types/LV2_SDK/lilv,/Users/arminjay/Desktop/me/JUCE/Earx/Earx/External/JUCE/modules/juce_audio_processors/format_types/LV2_SDK/lilv/src,"$(inherited)");
				INSTALL_PATH = "";
				LIBRARY_STYLE = STATIC;
				ONLY_ACTIVE_ARCH = NO;
				OTHER_CFLAGS = ("    -DNDEBUG ","$(inherited)");
				OTHER_CPLUSPLUSFLAGS = "    -DNDEBUG '-std=gnu++17' -Wno-deprecated-declarations ";
				OTHER_LIBTOOLFLAGS = ("");
				OTHER_REZFLAGS = "";
				PRODUCT_NAME = EarxAudioEngine;
				SECTORDER_FLAGS = "";
				SKIP_INSTALL = YES;
				SUPPORTED_PLATFORMS = "iphonesimulator iphoneos";
				TARGET_TEMP_DIR = "/Users/arminjay/Desktop/me/JUCE/Earx/Earx/build-ios/build/EarxAudioEngine.build/$(CONFIGURATION)$(EFFECTIVE_PLATFORM_NAME)";
				USE_HEADERMAP = NO;
				WARNING_CFLAGS = ("$(inherited)");
			};
			name = MinSizeRel;
		};
		B5FDF613B0D0492198CE6F27 /* Debug */ = {
			isa = XCBuildConfiguration;
			buildSettings = {
				ALWAYS_SEARCH_USER_PATHS = NO;
				ARCHS = arm64;
				COMBINE_HIDPI_IMAGES = YES;
				GCC_GENERATE_DEBUGGING_SYMBOLS = YES;
				GCC_INLINES_ARE_PRIVATE_EXTERN = NO;
				GCC_OPTIMIZATION_LEVEL = 0;
				GCC_PREPROCESSOR_DEFINITIONS = ("'CMAKE_INTDIR=\"$(CONFIGURATION)$(EFFECTIVE_PLATFORM_NAME)\"'","$(inherited)");
				GCC_SYMBOLS_PRIVATE_EXTERN = NO;
				INSTALL_PATH = "";
				ONLY_ACTIVE_ARCH = NO;
				OTHER_LDFLAGS = ("","$(inherited)");
				OTHER_REZFLAGS = "";
				PRODUCT_NAME = ALL_BUILD;
				SECTORDER_FLAGS = "";
				USE_HEADERMAP = NO;
				WARNING_CFLAGS = ("$(inherited)");
			};
			name = Debug;
		};
		CC4472F964BF460EB5629607 /* RelWithDebInfo */ = {
			isa = XCBuildConfiguration;
			buildSettings = {
				ALWAYS_SEARCH_USER_PATHS = NO;
				ARCHS = arm64;
				COMBINE_HIDPI_IMAGES = YES;
				GCC_GENERATE_DEBUGGING_SYMBOLS = YES;
				GCC_INLINES_ARE_PRIVATE_EXTERN = NO;
				GCC_OPTIMIZATION_LEVEL = 0;
				GCC_PREPROCESSOR_DEFINITIONS = ("'CMAKE_INTDIR=\"$(CONFIGURATION)$(EFFECTIVE_PLATFORM_NAME)\"'","$(inherited)");
				GCC_SYMBOLS_PRIVATE_EXTERN = NO;
				INSTALL_PATH = "";
				ONLY_ACTIVE_ARCH = NO;
				OTHER_LDFLAGS = ("","$(inherited)");
				OTHER_REZFLAGS = "";
				PRODUCT_NAME = ZERO_CHECK;
				SECTORDER_FLAGS = "";
				USE_HEADERMAP = NO;
				WARNING_CFLAGS = ("$(inherited)");
			};
			name = RelWithDebInfo;
		};
		CFF883B3080F4477977E84FF /* Debug */ = {
			isa = XCBuildConfiguration;
			buildSettings = {
				ALWAYS_SEARCH_USER_PATHS = NO;
				ARCHS = arm64;
				COMBINE_HIDPI_IMAGES = YES;
				GCC_GENERATE_DEBUGGING_SYMBOLS = YES;
				GCC_INLINES_ARE_PRIVATE_EXTERN = NO;
				GCC_OPTIMIZATION_LEVEL = 0;
				GCC_PREPROCESSOR_DEFINITIONS = ("'CMAKE_INTDIR=\"$(CONFIGURATION)$(EFFECTIVE_PLATFORM_NAME)\"'","$(inherited)");
				GCC_SYMBOLS_PRIVATE_EXTERN = NO;
				INSTALL_PATH = "";
				ONLY_ACTIVE_ARCH = NO;
				OTHER_LDFLAGS = ("","$(inherited)");
				OTHER_REZFLAGS = "";
				PRODUCT_NAME = ZERO_CHECK;
				SECTORDER_FLAGS = "";
				USE_HEADERMAP = NO;
				WARNING_CFLAGS = ("$(inherited)");
			};
			name = Debug;
		};
		D07CF45BD46540098B7CF14E /* MinSizeRel */ = {
			isa = XCBuildConfiguration;
			buildSettings = {
				ALWAYS_SEARCH_USER_PATHS = NO;
				ARCHS = arm64;
				COMBINE_HIDPI_IMAGES = YES;
				GCC_GENERATE_DEBUGGING_SYMBOLS = YES;
				GCC_INLINES_ARE_PRIVATE_EXTERN = NO;
				GCC_OPTIMIZATION_LEVEL = 0;
				GCC_PREPROCESSOR_DEFINITIONS = ("'CMAKE_INTDIR=\"$(CONFIGURATION)$(EFFECTIVE_PLATFORM_NAME)\"'","$(inherited)");
				GCC_SYMBOLS_PRIVATE_EXTERN = NO;
				INSTALL_PATH = "";
				ONLY_ACTIVE_ARCH = NO;
				OTHER_LDFLAGS = ("","$(inherited)");
				OTHER_REZFLAGS = "";
				PRODUCT_NAME = ZERO_CHECK;
				SECTORDER_FLAGS = "";
				USE_HEADERMAP = NO;
				WARNING_CFLAGS = ("$(inherited)");
			};
			name = MinSizeRel;
		};
		D9900D8497854AA78428D113 /* MinSizeRel */ = {
			isa = XCBuildConfiguration;
			buildSettings = {
				ALWAYS_SEARCH_USER_PATHS = NO;
				ARCHS = arm64;
				COMBINE_HIDPI_IMAGES = YES;
				GCC_GENERATE_DEBUGGING_SYMBOLS = YES;
				GCC_INLINES_ARE_PRIVATE_EXTERN = NO;
				GCC_OPTIMIZATION_LEVEL = 0;
				GCC_PREPROCESSOR_DEFINITIONS = ("'CMAKE_INTDIR=\"$(CONFIGURATION)$(EFFECTIVE_PLATFORM_NAME)\"'","$(inherited)");
				GCC_SYMBOLS_PRIVATE_EXTERN = NO;
				INSTALL_PATH = "";
				ONLY_ACTIVE_ARCH = NO;
				OTHER_LDFLAGS = ("","$(inherited)");
				OTHER_REZFLAGS = "";
				PRODUCT_NAME = install;
				SECTORDER_FLAGS = "";
				USE_HEADERMAP = NO;
				WARNING_CFLAGS = ("$(inherited)");
			};
			name = MinSizeRel;
		};
		DBCF05A47C9945469BC0E0B3 /* Debug */ = {
			isa = XCBuildConfiguration;
			buildSettings = {
				ALWAYS_SEARCH_USER_PATHS = NO;
				ARCHS = arm64;
				COMBINE_HIDPI_IMAGES = YES;
				GCC_GENERATE_DEBUGGING_SYMBOLS = YES;
				GCC_INLINES_ARE_PRIVATE_EXTERN = NO;
				GCC_OPTIMIZATION_LEVEL = 0;
				GCC_PREPROCESSOR_DEFINITIONS = ("'CMAKE_INTDIR=\"$(CONFIGURATION)$(EFFECTIVE_PLATFORM_NAME)\"'","$(inherited)");
				GCC_SYMBOLS_PRIVATE_EXTERN = NO;
				INSTALL_PATH = "";
				ONLY_ACTIVE_ARCH = NO;
				OTHER_LDFLAGS = ("","$(inherited)");
				OTHER_REZFLAGS = "";
				PRODUCT_NAME = install;
				SECTORDER_FLAGS = "";
				USE_HEADERMAP = NO;
				WARNING_CFLAGS = ("$(inherited)");
			};
			name = Debug;
		};
		E3EE2934B1924E7080018D44 /* RelWithDebInfo */ = {
			isa = XCBuildConfiguration;
			buildSettings = {
				ARCHS = arm64;
				SDKROOT = "";
				SWIFT_COMPILATION_MODE = wholemodule;
				SYMROOT = "/Users/arminjay/Desktop/me/JUCE/Earx/Earx/build-ios/build";
			};
			name = RelWithDebInfo;
		};
		E8BDB4A8BF2B430B8BE38EE2 /* RelWithDebInfo */ = {
			isa = XCBuildConfiguration;
			buildSettings = {
				ALWAYS_SEARCH_USER_PATHS = NO;
				ARCHS = arm64;
				COMBINE_HIDPI_IMAGES = YES;
				GCC_GENERATE_DEBUGGING_SYMBOLS = YES;
				GCC_INLINES_ARE_PRIVATE_EXTERN = NO;
				GCC_OPTIMIZATION_LEVEL = 0;
				GCC_PREPROCESSOR_DEFINITIONS = ("'CMAKE_INTDIR=\"$(CONFIGURATION)$(EFFECTIVE_PLATFORM_NAME)\"'","$(inherited)");
				GCC_SYMBOLS_PRIVATE_EXTERN = NO;
				INSTALL_PATH = "";
				ONLY_ACTIVE_ARCH = NO;
				OTHER_LDFLAGS = ("","$(inherited)");
				OTHER_REZFLAGS = "";
				PRODUCT_NAME = ALL_BUILD;
				SECTORDER_FLAGS = "";
				USE_HEADERMAP = NO;
				WARNING_CFLAGS = ("$(inherited)");
			};
			name = RelWithDebInfo;
		};
		F1DBB43E9AA749D58F4C4E86 /* MinSizeRel */ = {
			isa = XCBuildConfiguration;
			buildSettings = {
				ARCHS = arm64;
				SDKROOT = "";
				SWIFT_COMPILATION_MODE = wholemodule;
				SYMROOT = "/Users/arminjay/Desktop/me/JUCE/Earx/Earx/build-ios/build";
			};
			name = MinSizeRel;
		};
		FEFBFE5EBA4E443AAD114EDF /* RelWithDebInfo */ = {
			isa = XCBuildConfiguration;
			buildSettings = {
				ALWAYS_SEARCH_USER_PATHS = NO;
				ARCHS = arm64;
				COMBINE_HIDPI_IMAGES = YES;
				CONFIGURATION_BUILD_DIR = "/Users/arminjay/Desktop/me/JUCE/Earx/Earx/build-ios/RelWithDebInfo";
				ENABLE_BITCODE = NO;
				EXECUTABLE_PREFIX = lib;
				EXECUTABLE_SUFFIX = .a;
				GCC_GENERATE_DEBUGGING_SYMBOLS = YES;
				GCC_INLINES_ARE_PRIVATE_EXTERN = NO;
				GCC_OPTIMIZATION_LEVEL = 2;
				GCC_PREPROCESSOR_DEFINITIONS = ("'CMAKE_INTDIR=\"$(CONFIGURATION)$(EFFECTIVE_PLATFORM_NAME)\"'","'JUCE_APPLICATION_NAME_STRING=\"EarX\"'","'JUCE_APPLICATION_VERSION_STRING=\"1.0.0\"'","'JUCE_WEB_BROWSER=0'","'JUCE_USE_CURL=0'","'JUCE_STRICT_REFCOUNTEDPOINTER=1'","'JUCE_STANDALONE_APPLICATION=1'","'JUCE_ALSA=0'","'JUCE_USE_ANDROID_MIDI_API=0'","'JUCE_USE_WINRT_MIDI=0'","'JUCE_DISABLE_AUDIO_MIXING_WITH_OTHER_APPS=0'","'JUCE_USE_COREMIDI=0'","'JUCE_PLUGINHOST_AU=0'","'JUCE_PLUGINHOST_VST3=0'","'JUCE_USE_MP3AUDIOFORMAT=0'","'JUCE_DONT_AUTO_OPEN_MIDI_DEVICES_ON_MOBILE=1'","'JUCE_GLOBAL_MODULE_SETTINGS_INCLUDED=1'","'NDEBUG=1'","'_NDEBUG=1'","'JUCE_MODULE_AVAILABLE_juce_core=1'","'JUCE_MODULE_AVAILABLE_juce_data_structures=1'","'JUCE_MODULE_AVAILABLE_juce_events=1'","'JUCE_MODULE_AVAILABLE_juce_audio_utils=1'","'JUCE_MODULE_AVAILABLE_juce_audio_processors=1'","'JUCE_MODULE_AVAILABLE_juce_gui_extra=1'","'JUCE_MODULE_AVAILABLE_juce_gui_basics=1'","'JUCE_MODULE_AVAILABLE_juce_graphics=1'","'JUCE_MODULE_AVAILABLE_juce_audio_basics=1'","'JUCE_MODULE_AVAILABLE_juce_audio_formats=1'","'JUCE_MODULE_AVAILABLE_juce_audio_devices=1'","'JUCE_MODULE_AVAILABLE_juce_dsp=1'","$(inherited)");
				GCC_SYMBOLS_PRIVATE_EXTERN = NO;
				HEADER_SEARCH_PATHS = (/Users/arminjay/Desktop/me/JUCE/Earx/Earx,/Users/arminjay/Desktop/me/JUCE/Earx/Earx/Source,/Users/arminjay/Desktop/me/JUCE/Earx/Earx/External/JUCE/modules,/Users/arminjay/Desktop/me/JUCE/Earx/Earx/External/JUCE/modules/juce_audio_processors/format_types/VST3_SDK,/Users/arminjay/Desktop/me/JUCE/Earx/Earx/External/JUCE/modules/juce_audio_processors/format_types/LV2_SDK,/Users/arminjay/Desktop/me/JUCE/Earx/Earx/External/JUCE/modules/juce_audio_processors/format_types/LV2_SDK/lv2,/Users/arminjay/Desktop/me/JUCE/Earx/Earx/External/JUCE/modules/juce_audio_processors/format_types/LV2_SDK/serd,/Users/arminjay/Desktop/me/JUCE/Earx/Earx/External/JUCE/modules/juce_audio_processors/format_types/LV2_SDK/sord,/Users/arminjay/Desktop/me/JUCE/Earx/Earx/External/JUCE/modules/juce_audio_processors/format_types/LV2_SDK/sord/src,/Users/arminjay/Desktop/me/JUCE/Earx/Earx/External/JUCE/modules/juce_audio_processors/format_types/LV2_SDK/sratom,/Users/arminjay/Desktop/me/JUCE/Earx/Earx/External/JUCE/modules/juce_audio_processors/format_types/LV2_SDK/lilv,/Users/arminjay/Desktop/me/JUCE/Earx/Earx/External/JUCE/modules/juce_audio_processors/format_types/LV2_SDK/lilv/src,"$(inherited)");
				INSTALL_PATH = "";
				LIBRARY_STYLE = STATIC;
				ONLY_ACTIVE_ARCH = NO;
				OTHER_CFLAGS = ("       -DNDEBUG ","$(inherited)");
				OTHER_CPLUSPLUSFLAGS = "       -DNDEBUG '-std=gnu++17' -Wno-deprecated-declarations ";
				OTHER_LIBTOOLFLAGS = ("");
				OTHER_REZFLAGS = "";
				PRODUCT_NAME = EarxAudioEngine;
				SECTORDER_FLAGS = "";
				SKIP_INSTALL = YES;
				SUPPORTED_PLATFORMS = "iphonesimulator iphoneos";
				TARGET_TEMP_DIR = "/Users/arminjay/Desktop/me/JUCE/Earx/Earx/build-ios/build/EarxAudioEngine.build/$(CONFIGURATION)$(EFFECTIVE_PLATFORM_NAME)";
				USE_HEADERMAP = NO;
				WARNING_CFLAGS = ("$(inherited)");
			};
			name = RelWithDebInfo;
		};
/* End XCBuildConfiguration section */

/* Begin XCConfigurationList section */
		4D883B7B31634D07A22865A7 /* Build configuration list for PBXAggregateTarget "install" */ = {
			isa = XCConfigurationList;
			buildConfigurations = (
				DBCF05A47C9945469BC0E0B3 /* Debug */,
				82C3A2A318F74D5183737727 /* Release */,
				D9900D8497854AA78428D113 /* MinSizeRel */,
				39DE2A6E2A1C441B8606B729 /* RelWithDebInfo */,
			);
			defaultConfigurationIsVisible = 0;
			defaultConfigurationName = Debug;
		};
		AC98EF5309654BDF91681946 /* Build configuration list for PBXAggregateTarget "ALL_BUILD" */ = {
			isa = XCConfigurationList;
			buildConfigurations = (
				B5FDF613B0D0492198CE6F27 /* Debug */,
				5217EC8ACEFE474AB10E99CD /* Release */,
				9CCD7A3CFBEB47BCB5FEAB91 /* MinSizeRel */,
				E8BDB4A8BF2B430B8BE38EE2 /* RelWithDebInfo */,
			);
			defaultConfigurationIsVisible = 0;
			defaultConfigurationName = Debug;
		};
		E480921047D240F1ABF201D1 /* Build configuration list for PBXAggregateTarget "ZERO_CHECK" */ = {
			isa = XCConfigurationList;
			buildConfigurations = (
				CFF883B3080F4477977E84FF /* Debug */,
				32FBBB727DC54782A1DC0300 /* Release */,
				D07CF45BD46540098B7CF14E /* MinSizeRel */,
				CC4472F964BF460EB5629607 /* RelWithDebInfo */,
			);
			defaultConfigurationIsVisible = 0;
			defaultConfigurationName = Debug;
		};
		E5A1EF9171AD4355848C6D0B /* Build configuration list for PBXProject "Earx" */ = {
			isa = XCConfigurationList;
			buildConfigurations = (
				482B33689FFD4D17858DE028 /* Debug */,
				6F9C2C978AFA415EAD7C4379 /* Release */,
				F1DBB43E9AA749D58F4C4E86 /* MinSizeRel */,
				E3EE2934B1924E7080018D44 /* RelWithDebInfo */,
			);
			defaultConfigurationIsVisible = 0;
			defaultConfigurationName = Debug;
		};
		F157FA6A06CA4048ABA40EEE /* Build configuration list for PBXNativeTarget "EarxAudioEngine" */ = {
			isa = XCConfigurationList;
			buildConfigurations = (
				7C38A464E8F94D868205B80A /* Debug */,
				3F8ED4731DE14AF887E0F45E /* Release */,
				AD6C473AC620436A990660C1 /* MinSizeRel */,
				FEFBFE5EBA4E443AAD114EDF /* RelWithDebInfo */,
			);
			defaultConfigurationIsVisible = 0;
			defaultConfigurationName = Debug;
		};
/* End XCConfigurationList section */
	};
	rootObject = 6E9D21AAB2724CC2901BFDDA /* Project object */;
}
